
Microsoft Visual Studio Solution File, Format Version 12.00
# Visual Studio 15
VisualStudioVersion = 15.0.28307.438
MinimumVisualStudioVersion = 10.0.40219.1
Project("{9A19103F-16F7-4668-BE54-9A1E7A4F7556}") = "RulesEngine", "RulesEngine\RulesEngine.csproj", "{70592334-3089-4D8D-976B-69683B7254B7}"
EndProject
Project("{9A19103F-16F7-4668-BE54-9A1E7A4F7556}") = "RulesEngine.Tests", "RulesEngine.Tests\RulesEngine.Tests.csproj", "{C687020B-63B5-4162-904D-BD07FB7BE44B}"
EndProject
Global
	GlobalSection(SolutionConfigurationPlatforms) = preSolution
		Debug|Any CPU = Debug|Any CPU
		Release|Any CPU = Release|Any CPU
	EndGlobalSection
	GlobalSection(ProjectConfigurationPlatforms) = postSolution
		{70592334-3089-4D8D-976B-69683B7254B7}.Debug|Any CPU.ActiveCfg = Debug|Any CPU
		{70592334-3089-4D8D-976B-69683B7254B7}.Debug|Any CPU.Build.0 = Debug|Any CPU
		{70592334-3089-4D8D-976B-69683B7254B7}.Release|Any CPU.ActiveCfg = Release|Any CPU
		{70592334-3089-4D8D-976B-69683B7254B7}.Release|Any CPU.Build.0 = Release|Any CPU
		{C687020B-63B5-4162-904D-BD07FB7BE44B}.Debug|Any CPU.ActiveCfg = Debug|Any CPU
		{C687020B-63B5-4162-904D-BD07FB7BE44B}.Debug|Any CPU.Build.0 = Debug|Any CPU
		{C687020B-63B5-4162-904D-BD07FB7BE44B}.Release|Any CPU.ActiveCfg = Release|Any CPU
		{C687020B-63B5-4162-904D-BD07FB7BE44B}.Release|Any CPU.Build.0 = Release|Any CPU
	EndGlobalSection
	GlobalSection(SolutionProperties) = preSolution
		HideSolutionNode = FALSE
	EndGlobalSection
	GlobalSection(ExtensibilityGlobals) = postSolution
		SolutionGuid = {05FEE33C-4139-456A-8875-0A3C4207ECBC}
	EndGlobalSection
EndGlobal
